<?xml version="1.0" encoding="utf-8"?>
<Project ToolsVersion="4.0" xmlns="http://schemas.microsoft.com/developer/msbuild/2003">
  <ItemGroup>
    <Filter Include="소스 파일">
      <UniqueIdentifier>{4FC737F1-C7A5-4376-A066-2A32D752A2FF}</UniqueIdentifier>
      <Extensions>cpp;c;cc;cxx;def;odl;idl;hpj;bat;asm;asmx</Extensions>
    </Filter>
    <Filter Include="헤더 파일">
      <UniqueIdentifier>{93995380-89BD-4b04-88EB-625FBE52EBFB}</UniqueIdentifier>
      <Extensions>h;hh;hpp;hxx;hm;inl;inc;ipp;xsd</Extensions>
    </Filter>
    <Filter Include="리소스 파일">
      <UniqueIdentifier>{67DA6AB6-F800-4c08-8B7A-83BB121AAD01}</UniqueIdentifier>
      <Extensions>rc;ico;cur;bmp;dlg;rc2;rct;bin;rgs;gif;jpg;jpeg;jpe;resx;tiff;tif;png;wav;mfcribbon-ms</Extensions>
    </Filter>
    <Filter Include="헤더 파일\SingleMode">
      <UniqueIdentifier>{f37e54cb-96d0-470c-abbf-f37b41d804d6}</UniqueIdentifier>
    </Filter>
    <Filter Include="헤더 파일\MultiMode">
      <UniqueIdentifier>{ca886940-6d2f-47c6-a8e4-76b814495c78}</UniqueIdentifier>
    </Filter>
    <Filter Include="헤더 파일\main">
      <UniqueIdentifier>{b2a174b2-6e56-4cc0-9700-93f83867ae1d}</UniqueIdentifier>
    </Filter>
    <Filter Include="헤더 파일\MultiMode\Server">
      <UniqueIdentifier>{2c49752d-f464-4bd7-a382-f33bc7574c62}</UniqueIdentifier>
    </Filter>
    <Filter Include="헤더 파일\MultiMode\Client">
      <UniqueIdentifier>{0ce88ed1-b289-4c28-93a3-aff04301014d}</UniqueIdentifier>
    </Filter>
  </ItemGroup>
  <ItemGroup>
    <ClInclude Include="blockEvent.h">
      <Filter>헤더 파일\SingleMode</Filter>
    </ClInclude>
    <ClInclude Include="ConfigPage.h">
      <Filter>헤더 파일\SingleMode</Filter>
    </ClInclude>
    <ClInclude Include="PausePage.h">
      <Filter>헤더 파일\SingleMode</Filter>
    </ClInclude>
    <ClInclude Include="printInfo.h">
      <Filter>헤더 파일\SingleMode</Filter>
    </ClInclude>
    <ClInclude Include="tools.h">
      <Filter>헤더 파일\main</Filter>
    </ClInclude>
    <ClInclude Include="SinglePlay.h">
      <Filter>헤더 파일\SingleMode</Filter>
    </ClInclude>
    <ClInclude Include="StartPage.h">
      <Filter>헤더 파일\main</Filter>
    </ClInclude>
    <ClInclude Include="server.h">
      <Filter>헤더 파일\MultiMode\Server</Filter>
    </ClInclude>
    <ClInclude Include="client.h">
      <Filter>헤더 파일\MultiMode\Client</Filter>
    </ClInclude>
    <ClInclude Include="MultiPlay.h">
      <Filter>헤더 파일\MultiMode\Server</Filter>
    </ClInclude>
    <ClInclude Include="mPrintInfo.h">
      <Filter>헤더 파일\MultiMode\Server</Filter>
    </ClInclude>
    <ClInclude Include="MultiModePage.h">
      <Filter>헤더 파일\MultiMode\Server</Filter>
    </ClInclude>
    <ClInclude Include="mBlockEvent.h">
      <Filter>헤더 파일\MultiMode\Server</Filter>
    </ClInclude>
    <ClInclude Include="SingleMode.h">
      <Filter>헤더 파일\SingleMode</Filter>
    </ClInclude>
    <ClInclude Include="MultiMode.h">
      <Filter>헤더 파일\MultiMode\Server</Filter>
    </ClInclude>
  </ItemGroup>
  <ItemGroup>
    <ClCompile Include="JsTetris.c">
      <Filter>소스 파일</Filter>
    </ClCompile>
  </ItemGroup>
</Project>